
Microsoft Visual Studio Solution File, Format Version 12.00
# Visual Studio Version 17
VisualStudioVersion = 17.8.34330.188
MinimumVisualStudioVersion = 10.0.40219.1
Project("{2150E333-8FDC-42A3-9474-1A3956D46DE8}") = "src", "src", "{480756CF-D999-4E14-B93A-8A10CB240FB7}"
EndProject
Project("{2150E333-8FDC-42A3-9474-1A3956D46DE8}") = "Infrastructure", "Infrastructure", "{BB29CCB5-34CF-4A40-A94F-8F6A6065C01B}"
EndProject
Project("{2150E333-8FDC-42A3-9474-1A3956D46DE8}") = "Core", "Core", "{BFD6196D-7F9E-4C5E-B382-C1C47DEC70DE}"
EndProject
Project("{2150E333-8FDC-42A3-9474-1A3956D46DE8}") = "Presentation", "Presentation", "{00F5FEB7-F152-4A2A-B9C4-ED72BCE0773E}"
EndProject
Project("{9A19103F-16F7-4668-BE54-9A1E7A4F7556}") = "Ramsha.Domain", "Ramsha.Domain\Ramsha.Domain.csproj", "{6DFA1969-3B28-455D-A63D-1378DF60632E}"
EndProject
Project("{9A19103F-16F7-4668-BE54-9A1E7A4F7556}") = "Ramsha.Application", "Ramsha.Application\Ramsha.Application.csproj", "{5198EBC4-674F-48EA-8EA5-797A6F6ABB62}"
EndProject
Project("{9A19103F-16F7-4668-BE54-9A1E7A4F7556}") = "Ramsha.Persistence", "Ramsha.Persistence\Ramsha.Persistence.csproj", "{7FF7640D-2795-4DD7-89B8-2E98FD65F1F1}"
EndProject
Project("{9A19103F-16F7-4668-BE54-9A1E7A4F7556}") = "Ramsha.Api", "Ramsha.Api\Ramsha.Api.csproj", "{C84E5442-C9B8-4BCA-93A5-372237A4A55F}"
EndProject
Project("{9A19103F-16F7-4668-BE54-9A1E7A4F7556}") = "Ramsha.Identity", "Ramsha.Identity\Ramsha.Identity.csproj", "{EBDBCD01-3C3C-4394-A47E-AB14C434058D}"
EndProject
Project("{2150E333-8FDC-42A3-9474-1A3956D46DE8}") = "test", "test", "{E9CC5A3E-7BAD-458D-A131-39E9468B5AE4}"
EndProject
Project("{9A19103F-16F7-4668-BE54-9A1E7A4F7556}") = "Ramsha.Application.UnitTest", "Ramsha.Application.UnitTest\Ramsha.Application.UnitTest.csproj", "{E2588213-6812-428E-9A79-93C82FFBB1A0}"
EndProject
Project("{9A19103F-16F7-4668-BE54-9A1E7A4F7556}") = "Ramsha.FileStorage", "Ramsha.FileStorage\Ramsha.FileStorage.csproj", "{257A27FF-EE8D-481A-8D64-4F95C9B5C642}"
EndProject
Project("{9A19103F-16F7-4668-BE54-9A1E7A4F7556}") = "Ramsha.Mail", "Ramsha.Mail\Ramsha.Mail.csproj", "{C4432DC0-55EF-4BFB-8E82-86A1C3F9E71C}"
EndProject
Project("{9A19103F-16F7-4668-BE54-9A1E7A4F7556}") = "Ramsha.PerformanceTests", "Ramsha.PerformanceTests\Ramsha.PerformanceTests.csproj", "{DE3D2379-479B-4728-B155-EB8B1C46DD38}"
EndProject
Project("{FAE04EC0-301F-11D3-BF4B-00C04F79EFBC}") = "Ramsha.PaymentService", "Ramsha.PaymentService\Ramsha.PaymentService.csproj", "{44F9AF5F-4965-4F5B-870E-0002F2CAD6B6}"
EndProject
Project("{FAE04EC0-301F-11D3-BF4B-00C04F79EFBC}") = "Ramsha.CacheService", "Ramsha.CacheService\Ramsha.CacheService.csproj", "{E3C2CBB6-1EE3-49D1-8DD5-C712269C5780}"
EndProject
Project("{FAE04EC0-301F-11D3-BF4B-00C04F79EFBC}") = "Ramsha.BackgroundJobs", "Ramsha.BackgroundJobs\Ramsha.BackgroundJobs.csproj", "{4EF08D30-B822-44B7-802F-9C07432AFE8B}"
EndProject
Global
	GlobalSection(SolutionConfigurationPlatforms) = preSolution
		Debug|Any CPU = Debug|Any CPU
		Release|Any CPU = Release|Any CPU
	EndGlobalSection
	GlobalSection(ProjectConfigurationPlatforms) = postSolution
		{6DFA1969-3B28-455D-A63D-1378DF60632E}.Debug|Any CPU.ActiveCfg = Debug|Any CPU
		{6DFA1969-3B28-455D-A63D-1378DF60632E}.Debug|Any CPU.Build.0 = Debug|Any CPU
		{6DFA1969-3B28-455D-A63D-1378DF60632E}.Release|Any CPU.ActiveCfg = Release|Any CPU
		{6DFA1969-3B28-455D-A63D-1378DF60632E}.Release|Any CPU.Build.0 = Release|Any CPU
		{5198EBC4-674F-48EA-8EA5-797A6F6ABB62}.Debug|Any CPU.ActiveCfg = Debug|Any CPU
		{5198EBC4-674F-48EA-8EA5-797A6F6ABB62}.Debug|Any CPU.Build.0 = Debug|Any CPU
		{5198EBC4-674F-48EA-8EA5-797A6F6ABB62}.Release|Any CPU.ActiveCfg = Release|Any CPU
		{5198EBC4-674F-48EA-8EA5-797A6F6ABB62}.Release|Any CPU.Build.0 = Release|Any CPU
		{7FF7640D-2795-4DD7-89B8-2E98FD65F1F1}.Debug|Any CPU.ActiveCfg = Debug|Any CPU
		{7FF7640D-2795-4DD7-89B8-2E98FD65F1F1}.Debug|Any CPU.Build.0 = Debug|Any CPU
		{7FF7640D-2795-4DD7-89B8-2E98FD65F1F1}.Release|Any CPU.ActiveCfg = Release|Any CPU
		{7FF7640D-2795-4DD7-89B8-2E98FD65F1F1}.Release|Any CPU.Build.0 = Release|Any CPU
		{C84E5442-C9B8-4BCA-93A5-372237A4A55F}.Debug|Any CPU.ActiveCfg = Debug|Any CPU
		{C84E5442-C9B8-4BCA-93A5-372237A4A55F}.Debug|Any CPU.Build.0 = Debug|Any CPU
		{C84E5442-C9B8-4BCA-93A5-372237A4A55F}.Release|Any CPU.ActiveCfg = Release|Any CPU
		{C84E5442-C9B8-4BCA-93A5-372237A4A55F}.Release|Any CPU.Build.0 = Release|Any CPU
		{EBDBCD01-3C3C-4394-A47E-AB14C434058D}.Debug|Any CPU.ActiveCfg = Debug|Any CPU
		{EBDBCD01-3C3C-4394-A47E-AB14C434058D}.Debug|Any CPU.Build.0 = Debug|Any CPU
		{EBDBCD01-3C3C-4394-A47E-AB14C434058D}.Release|Any CPU.ActiveCfg = Release|Any CPU
		{EBDBCD01-3C3C-4394-A47E-AB14C434058D}.Release|Any CPU.Build.0 = Release|Any CPU
		{E2588213-6812-428E-9A79-93C82FFBB1A0}.Debug|Any CPU.ActiveCfg = Debug|Any CPU
		{E2588213-6812-428E-9A79-93C82FFBB1A0}.Debug|Any CPU.Build.0 = Debug|Any CPU
		{E2588213-6812-428E-9A79-93C82FFBB1A0}.Release|Any CPU.ActiveCfg = Release|Any CPU
		{E2588213-6812-428E-9A79-93C82FFBB1A0}.Release|Any CPU.Build.0 = Release|Any CPU
		{257A27FF-EE8D-481A-8D64-4F95C9B5C642}.Debug|Any CPU.ActiveCfg = Debug|Any CPU
		{257A27FF-EE8D-481A-8D64-4F95C9B5C642}.Debug|Any CPU.Build.0 = Debug|Any CPU
		{257A27FF-EE8D-481A-8D64-4F95C9B5C642}.Release|Any CPU.ActiveCfg = Release|Any CPU
		{257A27FF-EE8D-481A-8D64-4F95C9B5C642}.Release|Any CPU.Build.0 = Release|Any CPU
		{C4432DC0-55EF-4BFB-8E82-86A1C3F9E71C}.Debug|Any CPU.ActiveCfg = Debug|Any CPU
		{C4432DC0-55EF-4BFB-8E82-86A1C3F9E71C}.Debug|Any CPU.Build.0 = Debug|Any CPU
		{C4432DC0-55EF-4BFB-8E82-86A1C3F9E71C}.Release|Any CPU.ActiveCfg = Release|Any CPU
		{C4432DC0-55EF-4BFB-8E82-86A1C3F9E71C}.Release|Any CPU.Build.0 = Release|Any CPU
		{DE3D2379-479B-4728-B155-EB8B1C46DD38}.Debug|Any CPU.ActiveCfg = Debug|Any CPU
		{DE3D2379-479B-4728-B155-EB8B1C46DD38}.Debug|Any CPU.Build.0 = Debug|Any CPU
		{DE3D2379-479B-4728-B155-EB8B1C46DD38}.Release|Any CPU.ActiveCfg = Release|Any CPU
		{DE3D2379-479B-4728-B155-EB8B1C46DD38}.Release|Any CPU.Build.0 = Release|Any CPU
		{44F9AF5F-4965-4F5B-870E-0002F2CAD6B6}.Debug|Any CPU.ActiveCfg = Debug|Any CPU
		{44F9AF5F-4965-4F5B-870E-0002F2CAD6B6}.Debug|Any CPU.Build.0 = Debug|Any CPU
		{44F9AF5F-4965-4F5B-870E-0002F2CAD6B6}.Release|Any CPU.ActiveCfg = Release|Any CPU
		{44F9AF5F-4965-4F5B-870E-0002F2CAD6B6}.Release|Any CPU.Build.0 = Release|Any CPU
		{E3C2CBB6-1EE3-49D1-8DD5-C712269C5780}.Debug|Any CPU.ActiveCfg = Debug|Any CPU
		{E3C2CBB6-1EE3-49D1-8DD5-C712269C5780}.Debug|Any CPU.Build.0 = Debug|Any CPU
		{E3C2CBB6-1EE3-49D1-8DD5-C712269C5780}.Release|Any CPU.ActiveCfg = Release|Any CPU
		{E3C2CBB6-1EE3-49D1-8DD5-C712269C5780}.Release|Any CPU.Build.0 = Release|Any CPU
		{4EF08D30-B822-44B7-802F-9C07432AFE8B}.Debug|Any CPU.ActiveCfg = Debug|Any CPU
		{4EF08D30-B822-44B7-802F-9C07432AFE8B}.Debug|Any CPU.Build.0 = Debug|Any CPU
		{4EF08D30-B822-44B7-802F-9C07432AFE8B}.Release|Any CPU.ActiveCfg = Release|Any CPU
		{4EF08D30-B822-44B7-802F-9C07432AFE8B}.Release|Any CPU.Build.0 = Release|Any CPU
	EndGlobalSection
	GlobalSection(SolutionProperties) = preSolution
		HideSolutionNode = FALSE
	EndGlobalSection
	GlobalSection(NestedProjects) = preSolution
		{BB29CCB5-34CF-4A40-A94F-8F6A6065C01B} = {480756CF-D999-4E14-B93A-8A10CB240FB7}
		{BFD6196D-7F9E-4C5E-B382-C1C47DEC70DE} = {480756CF-D999-4E14-B93A-8A10CB240FB7}
		{00F5FEB7-F152-4A2A-B9C4-ED72BCE0773E} = {480756CF-D999-4E14-B93A-8A10CB240FB7}
		{6DFA1969-3B28-455D-A63D-1378DF60632E} = {BFD6196D-7F9E-4C5E-B382-C1C47DEC70DE}
		{5198EBC4-674F-48EA-8EA5-797A6F6ABB62} = {BFD6196D-7F9E-4C5E-B382-C1C47DEC70DE}
		{7FF7640D-2795-4DD7-89B8-2E98FD65F1F1} = {BB29CCB5-34CF-4A40-A94F-8F6A6065C01B}
		{C84E5442-C9B8-4BCA-93A5-372237A4A55F} = {00F5FEB7-F152-4A2A-B9C4-ED72BCE0773E}
		{EBDBCD01-3C3C-4394-A47E-AB14C434058D} = {BB29CCB5-34CF-4A40-A94F-8F6A6065C01B}
		{E2588213-6812-428E-9A79-93C82FFBB1A0} = {E9CC5A3E-7BAD-458D-A131-39E9468B5AE4}
		{257A27FF-EE8D-481A-8D64-4F95C9B5C642} = {BB29CCB5-34CF-4A40-A94F-8F6A6065C01B}
		{C4432DC0-55EF-4BFB-8E82-86A1C3F9E71C} = {BB29CCB5-34CF-4A40-A94F-8F6A6065C01B}
	EndGlobalSection
	GlobalSection(ExtensibilityGlobals) = postSolution
		SolutionGuid = {DCC14A80-EE7D-4BDB-812C-7749FBC96FB9}
	EndGlobalSection
EndGlobal
